
Microsoft Visual Studio Solution File, Format Version 12.00
# Visual Studio Version 16
VisualStudioVersion = 16.0.32228.343
MinimumVisualStudioVersion = 10.0.40219.1
Project("{9A19103F-16F7-4668-BE54-9A1E7A4F7556}") = "OOP1", "OOP1\OOP1.csproj", "{387CBB41-A02E-447C-B794-6129CCAFE47A}"
EndProject
Project("{9A19103F-16F7-4668-BE54-9A1E7A4F7556}") = "Collections", "Collections\Collections.csproj", "{98DE704A-C7EB-43EB-BB67-1BAC8B02FA26}"
EndProject
Project("{9A19103F-16F7-4668-BE54-9A1E7A4F7556}") = "GenericsIntro", "GenericsIntro\GenericsIntro.csproj", "{5B65384E-A0C5-42BD-85D0-63B3DFF971EB}"
EndProject
Project("{FAE04EC0-301F-11D3-BF4B-00C04F79EFBC}") = "GenericsDemo", "GenericsDemo\GenericsDemo.csproj", "{B8A0ED42-BF16-4826-AD19-E3D9374C34B0}"
EndProject
Project("{FAE04EC0-301F-11D3-BF4B-00C04F79EFBC}") = "Dictionary", "Dictionary\Dictionary.csproj", "{8E40859E-26D3-40BC-943C-92218F4E6EE6}"
EndProject
Project("{FAE04EC0-301F-11D3-BF4B-00C04F79EFBC}") = "DictionaryDemo", "DictionaryDemo\DictionaryDemo.csproj", "{4B242562-7E75-4975-BEA4-4D13F3314157}"
EndProject
Global
	GlobalSection(SolutionConfigurationPlatforms) = preSolution
		Debug|Any CPU = Debug|Any CPU
		Release|Any CPU = Release|Any CPU
	EndGlobalSection
	GlobalSection(ProjectConfigurationPlatforms) = postSolution
		{387CBB41-A02E-447C-B794-6129CCAFE47A}.Debug|Any CPU.ActiveCfg = Debug|Any CPU
		{387CBB41-A02E-447C-B794-6129CCAFE47A}.Debug|Any CPU.Build.0 = Debug|Any CPU
		{387CBB41-A02E-447C-B794-6129CCAFE47A}.Release|Any CPU.ActiveCfg = Release|Any CPU
		{387CBB41-A02E-447C-B794-6129CCAFE47A}.Release|Any CPU.Build.0 = Release|Any CPU
		{98DE704A-C7EB-43EB-BB67-1BAC8B02FA26}.Debug|Any CPU.ActiveCfg = Debug|Any CPU
		{98DE704A-C7EB-43EB-BB67-1BAC8B02FA26}.Debug|Any CPU.Build.0 = Debug|Any CPU
		{98DE704A-C7EB-43EB-BB67-1BAC8B02FA26}.Release|Any CPU.ActiveCfg = Release|Any CPU
		{98DE704A-C7EB-43EB-BB67-1BAC8B02FA26}.Release|Any CPU.Build.0 = Release|Any CPU
		{5B65384E-A0C5-42BD-85D0-63B3DFF971EB}.Debug|Any CPU.ActiveCfg = Debug|Any CPU
		{5B65384E-A0C5-42BD-85D0-63B3DFF971EB}.Debug|Any CPU.Build.0 = Debug|Any CPU
		{5B65384E-A0C5-42BD-85D0-63B3DFF971EB}.Release|Any CPU.ActiveCfg = Release|Any CPU
		{5B65384E-A0C5-42BD-85D0-63B3DFF971EB}.Release|Any CPU.Build.0 = Release|Any CPU
		{B8A0ED42-BF16-4826-AD19-E3D9374C34B0}.Debug|Any CPU.ActiveCfg = Debug|Any CPU
		{B8A0ED42-BF16-4826-AD19-E3D9374C34B0}.Debug|Any CPU.Build.0 = Debug|Any CPU
		{B8A0ED42-BF16-4826-AD19-E3D9374C34B0}.Release|Any CPU.ActiveCfg = Release|Any CPU
		{B8A0ED42-BF16-4826-AD19-E3D9374C34B0}.Release|Any CPU.Build.0 = Release|Any CPU
		{8E40859E-26D3-40BC-943C-92218F4E6EE6}.Debug|Any CPU.ActiveCfg = Debug|Any CPU
		{8E40859E-26D3-40BC-943C-92218F4E6EE6}.Debug|Any CPU.Build.0 = Debug|Any CPU
		{8E40859E-26D3-40BC-943C-92218F4E6EE6}.Release|Any CPU.ActiveCfg = Release|Any CPU
		{8E40859E-26D3-40BC-943C-92218F4E6EE6}.Release|Any CPU.Build.0 = Release|Any CPU
		{4B242562-7E75-4975-BEA4-4D13F3314157}.Debug|Any CPU.ActiveCfg = Debug|Any CPU
		{4B242562-7E75-4975-BEA4-4D13F3314157}.Debug|Any CPU.Build.0 = Debug|Any CPU
		{4B242562-7E75-4975-BEA4-4D13F3314157}.Release|Any CPU.ActiveCfg = Release|Any CPU
		{4B242562-7E75-4975-BEA4-4D13F3314157}.Release|Any CPU.Build.0 = Release|Any CPU
	EndGlobalSection
	GlobalSection(SolutionProperties) = preSolution
		HideSolutionNode = FALSE
	EndGlobalSection
	GlobalSection(ExtensibilityGlobals) = postSolution
		SolutionGuid = {1E91395F-E51B-4AD6-B468-BD074D1A14D9}
	EndGlobalSection
EndGlobal
