
Microsoft Visual Studio Solution File, Format Version 12.00
# Visual Studio Version 16
VisualStudioVersion = 16.0.32602.291
MinimumVisualStudioVersion = 10.0.40219.1
Project("{FAE04EC0-301F-11D3-BF4B-00C04F79EFBC}") = "GamerDemo", "GamerDemo\GamerDemo.csproj", "{FA59ADAF-4BB1-42AB-B7F0-8D48A60305E4}"
EndProject
Global
	GlobalSection(SolutionConfigurationPlatforms) = preSolution
		Debug|Any CPU = Debug|Any CPU
		Release|Any CPU = Release|Any CPU
	EndGlobalSection
	GlobalSection(ProjectConfigurationPlatforms) = postSolution
		{FA59ADAF-4BB1-42AB-B7F0-8D48A60305E4}.Debug|Any CPU.ActiveCfg = Debug|Any CPU
		{FA59ADAF-4BB1-42AB-B7F0-8D48A60305E4}.Debug|Any CPU.Build.0 = Debug|Any CPU
		{FA59ADAF-4BB1-42AB-B7F0-8D48A60305E4}.Release|Any CPU.ActiveCfg = Release|Any CPU
		{FA59ADAF-4BB1-42AB-B7F0-8D48A60305E4}.Release|Any CPU.Build.0 = Release|Any CPU
	EndGlobalSection
	GlobalSection(SolutionProperties) = preSolution
		HideSolutionNode = FALSE
	EndGlobalSection
	GlobalSection(ExtensibilityGlobals) = postSolution
		SolutionGuid = {E6C67B48-CDC0-4DFB-9728-8B8229BCD5D6}
	EndGlobalSection
EndGlobal
