
Microsoft Visual Studio Solution File, Format Version 12.00
# Visual Studio Version 17
VisualStudioVersion = 17.2.32616.157
MinimumVisualStudioVersion = 10.0.40219.1
Project("{FAE04EC0-301F-11D3-BF4B-00C04F79EFBC}") = "XamarinEx.Android", "XamarinEx\XamarinEx.Android\XamarinEx.Android.csproj", "{2A2FFABF-2A49-47E6-89FA-6BF7DCE8F861}"
EndProject
Project("{FAE04EC0-301F-11D3-BF4B-00C04F79EFBC}") = "XamarinEx.iOS", "XamarinEx\XamarinEx.iOS\XamarinEx.iOS.csproj", "{9A4B7F8B-BEEB-4284-A24C-C43FAFC6DC3D}"
EndProject
Project("{9A19103F-16F7-4668-BE54-9A1E7A4F7556}") = "XamarinEx", "XamarinEx\XamarinEx\XamarinEx.csproj", "{976F48BE-292D-4280-B6DE-7FB4AAB1B336}"
EndProject
Project("{FAE04EC0-301F-11D3-BF4B-00C04F79EFBC}") = "NavigatioProject.Android", "NavigatioProject\NavigatioProject.Android\NavigatioProject.Android.csproj", "{96EF9FEE-3AA0-4184-A509-73FB5B329E36}"
EndProject
Project("{FAE04EC0-301F-11D3-BF4B-00C04F79EFBC}") = "NavigatioProject.iOS", "NavigatioProject\NavigatioProject.iOS\NavigatioProject.iOS.csproj", "{9ED2A36F-E5F1-489D-9A85-AE89388757D4}"
EndProject
Project("{9A19103F-16F7-4668-BE54-9A1E7A4F7556}") = "NavigatioProject", "NavigatioProject\NavigatioProject\NavigatioProject.csproj", "{98F5A22B-C213-4729-81D2-B3FE90D2E083}"
EndProject
Project("{FAE04EC0-301F-11D3-BF4B-00C04F79EFBC}") = "TabuDemo.Android", "TabuDemo\TabuDemo.Android\TabuDemo.Android.csproj", "{DF55B668-D72B-4052-87B3-6422BE399536}"
EndProject
Project("{FAE04EC0-301F-11D3-BF4B-00C04F79EFBC}") = "TabuDemo.iOS", "TabuDemo\TabuDemo.iOS\TabuDemo.iOS.csproj", "{7681ED2D-6B05-4E79-9B4F-05B6648776C1}"
EndProject
Project("{9A19103F-16F7-4668-BE54-9A1E7A4F7556}") = "TabuDemo", "TabuDemo\TabuDemo\TabuDemo.csproj", "{C4B02D62-284C-4795-8D81-8425A4BBEFF4}"
EndProject
Project("{FAE04EC0-301F-11D3-BF4B-00C04F79EFBC}") = "DatePicker.Android", "DatePicker\DatePicker.Android\DatePicker.Android.csproj", "{3E0D51DF-B1D7-4EA3-BA19-B79244EEDB4C}"
EndProject
Project("{FAE04EC0-301F-11D3-BF4B-00C04F79EFBC}") = "DatePicker.iOS", "DatePicker\DatePicker.iOS\DatePicker.iOS.csproj", "{C6D19132-4CA4-48A3-A76D-428F41C15E93}"
EndProject
Project("{9A19103F-16F7-4668-BE54-9A1E7A4F7556}") = "DatePicker", "DatePicker\DatePicker\DatePicker.csproj", "{AD4CE5A1-0DA0-48A0-9D5B-06D45B6A0568}"
EndProject
Project("{FAE04EC0-301F-11D3-BF4B-00C04F79EFBC}") = "StackLayoutProject.Android", "StackLayoutProject\StackLayoutProject.Android\StackLayoutProject.Android.csproj", "{E8579F46-C8E1-4AFB-8A49-8CE0D0A9F051}"
EndProject
Project("{FAE04EC0-301F-11D3-BF4B-00C04F79EFBC}") = "StackLayoutProject.iOS", "StackLayoutProject\StackLayoutProject.iOS\StackLayoutProject.iOS.csproj", "{F15AA306-3CEF-4FAB-830E-8236F9232A35}"
EndProject
Project("{9A19103F-16F7-4668-BE54-9A1E7A4F7556}") = "StackLayoutProject", "StackLayoutProject\StackLayoutProject\StackLayoutProject.csproj", "{980DEBFA-03B7-4C18-998C-1929CF001EFE}"
EndProject
Project("{FAE04EC0-301F-11D3-BF4B-00C04F79EFBC}") = "AbsoluteLayoutProject.Android", "AbsoluteLayoutProject\AbsoluteLayoutProject.Android\AbsoluteLayoutProject.Android.csproj", "{2C5D5467-1880-4938-B584-ED39576B4A90}"
EndProject
Project("{FAE04EC0-301F-11D3-BF4B-00C04F79EFBC}") = "AbsoluteLayoutProject.iOS", "AbsoluteLayoutProject\AbsoluteLayoutProject.iOS\AbsoluteLayoutProject.iOS.csproj", "{03F1BDF0-5DAC-48B7-825F-5C6A502CAB64}"
EndProject
Project("{9A19103F-16F7-4668-BE54-9A1E7A4F7556}") = "AbsoluteLayoutProject", "AbsoluteLayoutProject\AbsoluteLayoutProject\AbsoluteLayoutProject.csproj", "{BEF11873-6AF0-4F28-8670-8B3565F69696}"
EndProject
Project("{FAE04EC0-301F-11D3-BF4B-00C04F79EFBC}") = "FlexLayoutProject.Android", "FlexLayoutProject\FlexLayoutProject.Android\FlexLayoutProject.Android.csproj", "{5F0E94B3-CE8D-402D-AE46-F5F8B3504D43}"
EndProject
Project("{FAE04EC0-301F-11D3-BF4B-00C04F79EFBC}") = "FlexLayoutProject.iOS", "FlexLayoutProject\FlexLayoutProject.iOS\FlexLayoutProject.iOS.csproj", "{9F7DB4B5-1738-4F20-86D3-E886ABE17E90}"
EndProject
Project("{9A19103F-16F7-4668-BE54-9A1E7A4F7556}") = "FlexLayoutProject", "FlexLayoutProject\FlexLayoutProject\FlexLayoutProject.csproj", "{03FD9039-A006-4D58-918C-F8676C3CCEE6}"
EndProject
Project("{FAE04EC0-301F-11D3-BF4B-00C04F79EFBC}") = "RelativeLayoutProject.Android", "RelativeLayoutProject\RelativeLayoutProject.Android\RelativeLayoutProject.Android.csproj", "{F2FF3269-17E2-4CEA-B1D5-65330E06A66C}"
EndProject
Project("{FAE04EC0-301F-11D3-BF4B-00C04F79EFBC}") = "RelativeLayoutProject.iOS", "RelativeLayoutProject\RelativeLayoutProject.iOS\RelativeLayoutProject.iOS.csproj", "{42085BE2-C62A-4F86-81BA-991A428D2D58}"
EndProject
Project("{9A19103F-16F7-4668-BE54-9A1E7A4F7556}") = "RelativeLayoutProject", "RelativeLayoutProject\RelativeLayoutProject\RelativeLayoutProject.csproj", "{F2FFAD7D-3D04-40DD-897D-E2464583154C}"
EndProject
Project("{FAE04EC0-301F-11D3-BF4B-00C04F79EFBC}") = "GridLayoutProject.Android", "GridLayoutProject\GridLayoutProject.Android\GridLayoutProject.Android.csproj", "{3A67872C-3EF9-4C83-A855-5DF19B204144}"
EndProject
Project("{FAE04EC0-301F-11D3-BF4B-00C04F79EFBC}") = "GridLayoutProject.iOS", "GridLayoutProject\GridLayoutProject.iOS\GridLayoutProject.iOS.csproj", "{BC37B689-DF4A-4709-A778-94A9E82CD928}"
EndProject
Project("{9A19103F-16F7-4668-BE54-9A1E7A4F7556}") = "GridLayoutProject", "GridLayoutProject\GridLayoutProject\GridLayoutProject.csproj", "{E7891D82-43E4-477F-8C34-806F5F82526A}"
EndProject
Project("{9A19103F-16F7-4668-BE54-9A1E7A4F7556}") = "PropertyTrigger", "..\..\..\mvvmkurs dosyalari\PropertyTrigger\PropertyTrigger\PropertyTrigger\PropertyTrigger.csproj", "{2B0F8B4A-D39C-4249-819E-7290BDE83820}"
EndProject
Project("{FAE04EC0-301F-11D3-BF4B-00C04F79EFBC}") = "PropertyTrigger.Android", "..\..\..\mvvmkurs dosyalari\PropertyTrigger\PropertyTrigger\PropertyTrigger.Android\PropertyTrigger.Android.csproj", "{DA0A5039-A0ED-4066-B649-620A510307A5}"
EndProject
Project("{FAE04EC0-301F-11D3-BF4B-00C04F79EFBC}") = "PropertyTrigger.iOS", "..\..\..\mvvmkurs dosyalari\PropertyTrigger\PropertyTrigger\PropertyTrigger.iOS\PropertyTrigger.iOS.csproj", "{3C492CC0-60F4-4D98-A948-A22B8E95FD3C}"
EndProject
Project("{FAE04EC0-301F-11D3-BF4B-00C04F79EFBC}") = "ImplicitStyleProject.Android", "ImplicitStyleProject\ImplicitStyleProject.Android\ImplicitStyleProject.Android.csproj", "{AE5C6ED4-D7F2-498B-802E-191E91BF22AC}"
EndProject
Project("{FAE04EC0-301F-11D3-BF4B-00C04F79EFBC}") = "ImplicitStyleProject.iOS", "ImplicitStyleProject\ImplicitStyleProject.iOS\ImplicitStyleProject.iOS.csproj", "{C687DC47-252B-462F-8F78-4ABCC5E7049B}"
EndProject
Project("{FAE04EC0-301F-11D3-BF4B-00C04F79EFBC}") = "ImplicitStyleProject", "ImplicitStyleProject\ImplicitStyleProject\ImplicitStyleProject.csproj", "{214E8216-9D19-4021-89E0-6101CA8C23C8}"
EndProject
Global
	GlobalSection(SolutionConfigurationPlatforms) = preSolution
		Debug|Any CPU = Debug|Any CPU
		Debug|iPhone = Debug|iPhone
		Debug|iPhoneSimulator = Debug|iPhoneSimulator
		Release|Any CPU = Release|Any CPU
		Release|iPhone = Release|iPhone
		Release|iPhoneSimulator = Release|iPhoneSimulator
	EndGlobalSection
	GlobalSection(ProjectConfigurationPlatforms) = postSolution
		{2A2FFABF-2A49-47E6-89FA-6BF7DCE8F861}.Debug|Any CPU.ActiveCfg = Debug|Any CPU
		{2A2FFABF-2A49-47E6-89FA-6BF7DCE8F861}.Debug|Any CPU.Build.0 = Debug|Any CPU
		{2A2FFABF-2A49-47E6-89FA-6BF7DCE8F861}.Debug|Any CPU.Deploy.0 = Debug|Any CPU
		{2A2FFABF-2A49-47E6-89FA-6BF7DCE8F861}.Debug|iPhone.ActiveCfg = Debug|Any CPU
		{2A2FFABF-2A49-47E6-89FA-6BF7DCE8F861}.Debug|iPhone.Build.0 = Debug|Any CPU
		{2A2FFABF-2A49-47E6-89FA-6BF7DCE8F861}.Debug|iPhone.Deploy.0 = Debug|Any CPU
		{2A2FFABF-2A49-47E6-89FA-6BF7DCE8F861}.Debug|iPhoneSimulator.ActiveCfg = Debug|Any CPU
		{2A2FFABF-2A49-47E6-89FA-6BF7DCE8F861}.Debug|iPhoneSimulator.Build.0 = Debug|Any CPU
		{2A2FFABF-2A49-47E6-89FA-6BF7DCE8F861}.Debug|iPhoneSimulator.Deploy.0 = Debug|Any CPU
		{2A2FFABF-2A49-47E6-89FA-6BF7DCE8F861}.Release|Any CPU.ActiveCfg = Release|Any CPU
		{2A2FFABF-2A49-47E6-89FA-6BF7DCE8F861}.Release|Any CPU.Build.0 = Release|Any CPU
		{2A2FFABF-2A49-47E6-89FA-6BF7DCE8F861}.Release|Any CPU.Deploy.0 = Release|Any CPU
		{2A2FFABF-2A49-47E6-89FA-6BF7DCE8F861}.Release|iPhone.ActiveCfg = Release|Any CPU
		{2A2FFABF-2A49-47E6-89FA-6BF7DCE8F861}.Release|iPhone.Build.0 = Release|Any CPU
		{2A2FFABF-2A49-47E6-89FA-6BF7DCE8F861}.Release|iPhone.Deploy.0 = Release|Any CPU
		{2A2FFABF-2A49-47E6-89FA-6BF7DCE8F861}.Release|iPhoneSimulator.ActiveCfg = Release|Any CPU
		{2A2FFABF-2A49-47E6-89FA-6BF7DCE8F861}.Release|iPhoneSimulator.Build.0 = Release|Any CPU
		{2A2FFABF-2A49-47E6-89FA-6BF7DCE8F861}.Release|iPhoneSimulator.Deploy.0 = Release|Any CPU
		{9A4B7F8B-BEEB-4284-A24C-C43FAFC6DC3D}.Debug|Any CPU.ActiveCfg = Debug|iPhone
		{9A4B7F8B-BEEB-4284-A24C-C43FAFC6DC3D}.Debug|Any CPU.Build.0 = Debug|iPhone
		{9A4B7F8B-BEEB-4284-A24C-C43FAFC6DC3D}.Debug|Any CPU.Deploy.0 = Debug|iPhone
		{9A4B7F8B-BEEB-4284-A24C-C43FAFC6DC3D}.Debug|iPhone.ActiveCfg = Debug|iPhone
		{9A4B7F8B-BEEB-4284-A24C-C43FAFC6DC3D}.Debug|iPhone.Build.0 = Debug|iPhone
		{9A4B7F8B-BEEB-4284-A24C-C43FAFC6DC3D}.Debug|iPhone.Deploy.0 = Debug|iPhone
		{9A4B7F8B-BEEB-4284-A24C-C43FAFC6DC3D}.Debug|iPhoneSimulator.ActiveCfg = Debug|iPhoneSimulator
		{9A4B7F8B-BEEB-4284-A24C-C43FAFC6DC3D}.Debug|iPhoneSimulator.Build.0 = Debug|iPhoneSimulator
		{9A4B7F8B-BEEB-4284-A24C-C43FAFC6DC3D}.Debug|iPhoneSimulator.Deploy.0 = Debug|iPhoneSimulator
		{9A4B7F8B-BEEB-4284-A24C-C43FAFC6DC3D}.Release|Any CPU.ActiveCfg = Release|iPhoneSimulator
		{9A4B7F8B-BEEB-4284-A24C-C43FAFC6DC3D}.Release|Any CPU.Build.0 = Release|iPhoneSimulator
		{9A4B7F8B-BEEB-4284-A24C-C43FAFC6DC3D}.Release|Any CPU.Deploy.0 = Release|iPhoneSimulator
		{9A4B7F8B-BEEB-4284-A24C-C43FAFC6DC3D}.Release|iPhone.ActiveCfg = Release|iPhone
		{9A4B7F8B-BEEB-4284-A24C-C43FAFC6DC3D}.Release|iPhone.Build.0 = Release|iPhone
		{9A4B7F8B-BEEB-4284-A24C-C43FAFC6DC3D}.Release|iPhone.Deploy.0 = Release|iPhone
		{9A4B7F8B-BEEB-4284-A24C-C43FAFC6DC3D}.Release|iPhoneSimulator.ActiveCfg = Release|iPhoneSimulator
		{9A4B7F8B-BEEB-4284-A24C-C43FAFC6DC3D}.Release|iPhoneSimulator.Build.0 = Release|iPhoneSimulator
		{9A4B7F8B-BEEB-4284-A24C-C43FAFC6DC3D}.Release|iPhoneSimulator.Deploy.0 = Release|iPhoneSimulator
		{976F48BE-292D-4280-B6DE-7FB4AAB1B336}.Debug|Any CPU.ActiveCfg = Debug|Any CPU
		{976F48BE-292D-4280-B6DE-7FB4AAB1B336}.Debug|Any CPU.Build.0 = Debug|Any CPU
		{976F48BE-292D-4280-B6DE-7FB4AAB1B336}.Debug|Any CPU.Deploy.0 = Debug|Any CPU
		{976F48BE-292D-4280-B6DE-7FB4AAB1B336}.Debug|iPhone.ActiveCfg = Debug|Any CPU
		{976F48BE-292D-4280-B6DE-7FB4AAB1B336}.Debug|iPhone.Build.0 = Debug|Any CPU
		{976F48BE-292D-4280-B6DE-7FB4AAB1B336}.Debug|iPhone.Deploy.0 = Debug|Any CPU
		{976F48BE-292D-4280-B6DE-7FB4AAB1B336}.Debug|iPhoneSimulator.ActiveCfg = Debug|Any CPU
		{976F48BE-292D-4280-B6DE-7FB4AAB1B336}.Debug|iPhoneSimulator.Build.0 = Debug|Any CPU
		{976F48BE-292D-4280-B6DE-7FB4AAB1B336}.Debug|iPhoneSimulator.Deploy.0 = Debug|Any CPU
		{976F48BE-292D-4280-B6DE-7FB4AAB1B336}.Release|Any CPU.ActiveCfg = Release|Any CPU
		{976F48BE-292D-4280-B6DE-7FB4AAB1B336}.Release|Any CPU.Build.0 = Release|Any CPU
		{976F48BE-292D-4280-B6DE-7FB4AAB1B336}.Release|Any CPU.Deploy.0 = Release|Any CPU
		{976F48BE-292D-4280-B6DE-7FB4AAB1B336}.Release|iPhone.ActiveCfg = Release|Any CPU
		{976F48BE-292D-4280-B6DE-7FB4AAB1B336}.Release|iPhone.Build.0 = Release|Any CPU
		{976F48BE-292D-4280-B6DE-7FB4AAB1B336}.Release|iPhone.Deploy.0 = Release|Any CPU
		{976F48BE-292D-4280-B6DE-7FB4AAB1B336}.Release|iPhoneSimulator.ActiveCfg = Release|Any CPU
		{976F48BE-292D-4280-B6DE-7FB4AAB1B336}.Release|iPhoneSimulator.Build.0 = Release|Any CPU
		{976F48BE-292D-4280-B6DE-7FB4AAB1B336}.Release|iPhoneSimulator.Deploy.0 = Release|Any CPU
		{96EF9FEE-3AA0-4184-A509-73FB5B329E36}.Debug|Any CPU.ActiveCfg = Debug|Any CPU
		{96EF9FEE-3AA0-4184-A509-73FB5B329E36}.Debug|Any CPU.Build.0 = Debug|Any CPU
		{96EF9FEE-3AA0-4184-A509-73FB5B329E36}.Debug|Any CPU.Deploy.0 = Debug|Any CPU
		{96EF9FEE-3AA0-4184-A509-73FB5B329E36}.Debug|iPhone.ActiveCfg = Debug|Any CPU
		{96EF9FEE-3AA0-4184-A509-73FB5B329E36}.Debug|iPhone.Build.0 = Debug|Any CPU
		{96EF9FEE-3AA0-4184-A509-73FB5B329E36}.Debug|iPhone.Deploy.0 = Debug|Any CPU
		{96EF9FEE-3AA0-4184-A509-73FB5B329E36}.Debug|iPhoneSimulator.ActiveCfg = Debug|Any CPU
		{96EF9FEE-3AA0-4184-A509-73FB5B329E36}.Debug|iPhoneSimulator.Build.0 = Debug|Any CPU
		{96EF9FEE-3AA0-4184-A509-73FB5B329E36}.Debug|iPhoneSimulator.Deploy.0 = Debug|Any CPU
		{96EF9FEE-3AA0-4184-A509-73FB5B329E36}.Release|Any CPU.ActiveCfg = Release|Any CPU
		{96EF9FEE-3AA0-4184-A509-73FB5B329E36}.Release|Any CPU.Build.0 = Release|Any CPU
		{96EF9FEE-3AA0-4184-A509-73FB5B329E36}.Release|Any CPU.Deploy.0 = Release|Any CPU
		{96EF9FEE-3AA0-4184-A509-73FB5B329E36}.Release|iPhone.ActiveCfg = Release|Any CPU
		{96EF9FEE-3AA0-4184-A509-73FB5B329E36}.Release|iPhone.Build.0 = Release|Any CPU
		{96EF9FEE-3AA0-4184-A509-73FB5B329E36}.Release|iPhone.Deploy.0 = Release|Any CPU
		{96EF9FEE-3AA0-4184-A509-73FB5B329E36}.Release|iPhoneSimulator.ActiveCfg = Release|Any CPU
		{96EF9FEE-3AA0-4184-A509-73FB5B329E36}.Release|iPhoneSimulator.Build.0 = Release|Any CPU
		{96EF9FEE-3AA0-4184-A509-73FB5B329E36}.Release|iPhoneSimulator.Deploy.0 = Release|Any CPU
		{9ED2A36F-E5F1-489D-9A85-AE89388757D4}.Debug|Any CPU.ActiveCfg = Debug|iPhoneSimulator
		{9ED2A36F-E5F1-489D-9A85-AE89388757D4}.Debug|Any CPU.Build.0 = Debug|iPhoneSimulator
		{9ED2A36F-E5F1-489D-9A85-AE89388757D4}.Debug|iPhone.ActiveCfg = Debug|iPhone
		{9ED2A36F-E5F1-489D-9A85-AE89388757D4}.Debug|iPhone.Build.0 = Debug|iPhone
		{9ED2A36F-E5F1-489D-9A85-AE89388757D4}.Debug|iPhoneSimulator.ActiveCfg = Debug|iPhoneSimulator
		{9ED2A36F-E5F1-489D-9A85-AE89388757D4}.Debug|iPhoneSimulator.Build.0 = Debug|iPhoneSimulator
		{9ED2A36F-E5F1-489D-9A85-AE89388757D4}.Release|Any CPU.ActiveCfg = Release|iPhoneSimulator
		{9ED2A36F-E5F1-489D-9A85-AE89388757D4}.Release|Any CPU.Build.0 = Release|iPhoneSimulator
		{9ED2A36F-E5F1-489D-9A85-AE89388757D4}.Release|iPhone.ActiveCfg = Release|iPhone
		{9ED2A36F-E5F1-489D-9A85-AE89388757D4}.Release|iPhone.Build.0 = Release|iPhone
		{9ED2A36F-E5F1-489D-9A85-AE89388757D4}.Release|iPhoneSimulator.ActiveCfg = Release|iPhoneSimulator
		{9ED2A36F-E5F1-489D-9A85-AE89388757D4}.Release|iPhoneSimulator.Build.0 = Release|iPhoneSimulator
		{98F5A22B-C213-4729-81D2-B3FE90D2E083}.Debug|Any CPU.ActiveCfg = Debug|Any CPU
		{98F5A22B-C213-4729-81D2-B3FE90D2E083}.Debug|Any CPU.Build.0 = Debug|Any CPU
		{98F5A22B-C213-4729-81D2-B3FE90D2E083}.Debug|iPhone.ActiveCfg = Debug|Any CPU
		{98F5A22B-C213-4729-81D2-B3FE90D2E083}.Debug|iPhone.Build.0 = Debug|Any CPU
		{98F5A22B-C213-4729-81D2-B3FE90D2E083}.Debug|iPhoneSimulator.ActiveCfg = Debug|Any CPU
		{98F5A22B-C213-4729-81D2-B3FE90D2E083}.Debug|iPhoneSimulator.Build.0 = Debug|Any CPU
		{98F5A22B-C213-4729-81D2-B3FE90D2E083}.Release|Any CPU.ActiveCfg = Release|Any CPU
		{98F5A22B-C213-4729-81D2-B3FE90D2E083}.Release|Any CPU.Build.0 = Release|Any CPU
		{98F5A22B-C213-4729-81D2-B3FE90D2E083}.Release|iPhone.ActiveCfg = Release|Any CPU
		{98F5A22B-C213-4729-81D2-B3FE90D2E083}.Release|iPhone.Build.0 = Release|Any CPU
		{98F5A22B-C213-4729-81D2-B3FE90D2E083}.Release|iPhoneSimulator.ActiveCfg = Release|Any CPU
		{98F5A22B-C213-4729-81D2-B3FE90D2E083}.Release|iPhoneSimulator.Build.0 = Release|Any CPU
		{DF55B668-D72B-4052-87B3-6422BE399536}.Debug|Any CPU.ActiveCfg = Debug|Any CPU
		{DF55B668-D72B-4052-87B3-6422BE399536}.Debug|Any CPU.Build.0 = Debug|Any CPU
		{DF55B668-D72B-4052-87B3-6422BE399536}.Debug|Any CPU.Deploy.0 = Debug|Any CPU
		{DF55B668-D72B-4052-87B3-6422BE399536}.Debug|iPhone.ActiveCfg = Debug|Any CPU
		{DF55B668-D72B-4052-87B3-6422BE399536}.Debug|iPhone.Build.0 = Debug|Any CPU
		{DF55B668-D72B-4052-87B3-6422BE399536}.Debug|iPhone.Deploy.0 = Debug|Any CPU
		{DF55B668-D72B-4052-87B3-6422BE399536}.Debug|iPhoneSimulator.ActiveCfg = Debug|Any CPU
		{DF55B668-D72B-4052-87B3-6422BE399536}.Debug|iPhoneSimulator.Build.0 = Debug|Any CPU
		{DF55B668-D72B-4052-87B3-6422BE399536}.Debug|iPhoneSimulator.Deploy.0 = Debug|Any CPU
		{DF55B668-D72B-4052-87B3-6422BE399536}.Release|Any CPU.ActiveCfg = Release|Any CPU
		{DF55B668-D72B-4052-87B3-6422BE399536}.Release|Any CPU.Build.0 = Release|Any CPU
		{DF55B668-D72B-4052-87B3-6422BE399536}.Release|Any CPU.Deploy.0 = Release|Any CPU
		{DF55B668-D72B-4052-87B3-6422BE399536}.Release|iPhone.ActiveCfg = Release|Any CPU
		{DF55B668-D72B-4052-87B3-6422BE399536}.Release|iPhone.Build.0 = Release|Any CPU
		{DF55B668-D72B-4052-87B3-6422BE399536}.Release|iPhone.Deploy.0 = Release|Any CPU
		{DF55B668-D72B-4052-87B3-6422BE399536}.Release|iPhoneSimulator.ActiveCfg = Release|Any CPU
		{DF55B668-D72B-4052-87B3-6422BE399536}.Release|iPhoneSimulator.Build.0 = Release|Any CPU
		{DF55B668-D72B-4052-87B3-6422BE399536}.Release|iPhoneSimulator.Deploy.0 = Release|Any CPU
		{7681ED2D-6B05-4E79-9B4F-05B6648776C1}.Debug|Any CPU.ActiveCfg = Debug|iPhoneSimulator
		{7681ED2D-6B05-4E79-9B4F-05B6648776C1}.Debug|Any CPU.Build.0 = Debug|iPhoneSimulator
		{7681ED2D-6B05-4E79-9B4F-05B6648776C1}.Debug|iPhone.ActiveCfg = Debug|iPhone
		{7681ED2D-6B05-4E79-9B4F-05B6648776C1}.Debug|iPhone.Build.0 = Debug|iPhone
		{7681ED2D-6B05-4E79-9B4F-05B6648776C1}.Debug|iPhoneSimulator.ActiveCfg = Debug|iPhoneSimulator
		{7681ED2D-6B05-4E79-9B4F-05B6648776C1}.Debug|iPhoneSimulator.Build.0 = Debug|iPhoneSimulator
		{7681ED2D-6B05-4E79-9B4F-05B6648776C1}.Release|Any CPU.ActiveCfg = Release|iPhoneSimulator
		{7681ED2D-6B05-4E79-9B4F-05B6648776C1}.Release|Any CPU.Build.0 = Release|iPhoneSimulator
		{7681ED2D-6B05-4E79-9B4F-05B6648776C1}.Release|iPhone.ActiveCfg = Release|iPhone
		{7681ED2D-6B05-4E79-9B4F-05B6648776C1}.Release|iPhone.Build.0 = Release|iPhone
		{7681ED2D-6B05-4E79-9B4F-05B6648776C1}.Release|iPhoneSimulator.ActiveCfg = Release|iPhoneSimulator
		{7681ED2D-6B05-4E79-9B4F-05B6648776C1}.Release|iPhoneSimulator.Build.0 = Release|iPhoneSimulator
		{C4B02D62-284C-4795-8D81-8425A4BBEFF4}.Debug|Any CPU.ActiveCfg = Debug|Any CPU
		{C4B02D62-284C-4795-8D81-8425A4BBEFF4}.Debug|Any CPU.Build.0 = Debug|Any CPU
		{C4B02D62-284C-4795-8D81-8425A4BBEFF4}.Debug|iPhone.ActiveCfg = Debug|Any CPU
		{C4B02D62-284C-4795-8D81-8425A4BBEFF4}.Debug|iPhone.Build.0 = Debug|Any CPU
		{C4B02D62-284C-4795-8D81-8425A4BBEFF4}.Debug|iPhoneSimulator.ActiveCfg = Debug|Any CPU
		{C4B02D62-284C-4795-8D81-8425A4BBEFF4}.Debug|iPhoneSimulator.Build.0 = Debug|Any CPU
		{C4B02D62-284C-4795-8D81-8425A4BBEFF4}.Release|Any CPU.ActiveCfg = Release|Any CPU
		{C4B02D62-284C-4795-8D81-8425A4BBEFF4}.Release|Any CPU.Build.0 = Release|Any CPU
		{C4B02D62-284C-4795-8D81-8425A4BBEFF4}.Release|iPhone.ActiveCfg = Release|Any CPU
		{C4B02D62-284C-4795-8D81-8425A4BBEFF4}.Release|iPhone.Build.0 = Release|Any CPU
		{C4B02D62-284C-4795-8D81-8425A4BBEFF4}.Release|iPhoneSimulator.ActiveCfg = Release|Any CPU
		{C4B02D62-284C-4795-8D81-8425A4BBEFF4}.Release|iPhoneSimulator.Build.0 = Release|Any CPU
		{3E0D51DF-B1D7-4EA3-BA19-B79244EEDB4C}.Debug|Any CPU.ActiveCfg = Debug|Any CPU
		{3E0D51DF-B1D7-4EA3-BA19-B79244EEDB4C}.Debug|Any CPU.Build.0 = Debug|Any CPU
		{3E0D51DF-B1D7-4EA3-BA19-B79244EEDB4C}.Debug|Any CPU.Deploy.0 = Debug|Any CPU
		{3E0D51DF-B1D7-4EA3-BA19-B79244EEDB4C}.Debug|iPhone.ActiveCfg = Debug|Any CPU
		{3E0D51DF-B1D7-4EA3-BA19-B79244EEDB4C}.Debug|iPhone.Build.0 = Debug|Any CPU
		{3E0D51DF-B1D7-4EA3-BA19-B79244EEDB4C}.Debug|iPhone.Deploy.0 = Debug|Any CPU
		{3E0D51DF-B1D7-4EA3-BA19-B79244EEDB4C}.Debug|iPhoneSimulator.ActiveCfg = Debug|Any CPU
		{3E0D51DF-B1D7-4EA3-BA19-B79244EEDB4C}.Debug|iPhoneSimulator.Build.0 = Debug|Any CPU
		{3E0D51DF-B1D7-4EA3-BA19-B79244EEDB4C}.Debug|iPhoneSimulator.Deploy.0 = Debug|Any CPU
		{3E0D51DF-B1D7-4EA3-BA19-B79244EEDB4C}.Release|Any CPU.ActiveCfg = Release|Any CPU
		{3E0D51DF-B1D7-4EA3-BA19-B79244EEDB4C}.Release|Any CPU.Build.0 = Release|Any CPU
		{3E0D51DF-B1D7-4EA3-BA19-B79244EEDB4C}.Release|Any CPU.Deploy.0 = Release|Any CPU
		{3E0D51DF-B1D7-4EA3-BA19-B79244EEDB4C}.Release|iPhone.ActiveCfg = Release|Any CPU
		{3E0D51DF-B1D7-4EA3-BA19-B79244EEDB4C}.Release|iPhone.Build.0 = Release|Any CPU
		{3E0D51DF-B1D7-4EA3-BA19-B79244EEDB4C}.Release|iPhone.Deploy.0 = Release|Any CPU
		{3E0D51DF-B1D7-4EA3-BA19-B79244EEDB4C}.Release|iPhoneSimulator.ActiveCfg = Release|Any CPU
		{3E0D51DF-B1D7-4EA3-BA19-B79244EEDB4C}.Release|iPhoneSimulator.Build.0 = Release|Any CPU
		{3E0D51DF-B1D7-4EA3-BA19-B79244EEDB4C}.Release|iPhoneSimulator.Deploy.0 = Release|Any CPU
		{C6D19132-4CA4-48A3-A76D-428F41C15E93}.Debug|Any CPU.ActiveCfg = Debug|iPhoneSimulator
		{C6D19132-4CA4-48A3-A76D-428F41C15E93}.Debug|Any CPU.Build.0 = Debug|iPhoneSimulator
		{C6D19132-4CA4-48A3-A76D-428F41C15E93}.Debug|iPhone.ActiveCfg = Debug|iPhone
		{C6D19132-4CA4-48A3-A76D-428F41C15E93}.Debug|iPhone.Build.0 = Debug|iPhone
		{C6D19132-4CA4-48A3-A76D-428F41C15E93}.Debug|iPhoneSimulator.ActiveCfg = Debug|iPhoneSimulator
		{C6D19132-4CA4-48A3-A76D-428F41C15E93}.Debug|iPhoneSimulator.Build.0 = Debug|iPhoneSimulator
		{C6D19132-4CA4-48A3-A76D-428F41C15E93}.Release|Any CPU.ActiveCfg = Release|iPhoneSimulator
		{C6D19132-4CA4-48A3-A76D-428F41C15E93}.Release|Any CPU.Build.0 = Release|iPhoneSimulator
		{C6D19132-4CA4-48A3-A76D-428F41C15E93}.Release|iPhone.ActiveCfg = Release|iPhone
		{C6D19132-4CA4-48A3-A76D-428F41C15E93}.Release|iPhone.Build.0 = Release|iPhone
		{C6D19132-4CA4-48A3-A76D-428F41C15E93}.Release|iPhoneSimulator.ActiveCfg = Release|iPhoneSimulator
		{C6D19132-4CA4-48A3-A76D-428F41C15E93}.Release|iPhoneSimulator.Build.0 = Release|iPhoneSimulator
		{AD4CE5A1-0DA0-48A0-9D5B-06D45B6A0568}.Debug|Any CPU.ActiveCfg = Debug|Any CPU
		{AD4CE5A1-0DA0-48A0-9D5B-06D45B6A0568}.Debug|Any CPU.Build.0 = Debug|Any CPU
		{AD4CE5A1-0DA0-48A0-9D5B-06D45B6A0568}.Debug|iPhone.ActiveCfg = Debug|Any CPU
		{AD4CE5A1-0DA0-48A0-9D5B-06D45B6A0568}.Debug|iPhone.Build.0 = Debug|Any CPU
		{AD4CE5A1-0DA0-48A0-9D5B-06D45B6A0568}.Debug|iPhoneSimulator.ActiveCfg = Debug|Any CPU
		{AD4CE5A1-0DA0-48A0-9D5B-06D45B6A0568}.Debug|iPhoneSimulator.Build.0 = Debug|Any CPU
		{AD4CE5A1-0DA0-48A0-9D5B-06D45B6A0568}.Release|Any CPU.ActiveCfg = Release|Any CPU
		{AD4CE5A1-0DA0-48A0-9D5B-06D45B6A0568}.Release|Any CPU.Build.0 = Release|Any CPU
		{AD4CE5A1-0DA0-48A0-9D5B-06D45B6A0568}.Release|iPhone.ActiveCfg = Release|Any CPU
		{AD4CE5A1-0DA0-48A0-9D5B-06D45B6A0568}.Release|iPhone.Build.0 = Release|Any CPU
		{AD4CE5A1-0DA0-48A0-9D5B-06D45B6A0568}.Release|iPhoneSimulator.ActiveCfg = Release|Any CPU
		{AD4CE5A1-0DA0-48A0-9D5B-06D45B6A0568}.Release|iPhoneSimulator.Build.0 = Release|Any CPU
		{E8579F46-C8E1-4AFB-8A49-8CE0D0A9F051}.Debug|Any CPU.ActiveCfg = Debug|Any CPU
		{E8579F46-C8E1-4AFB-8A49-8CE0D0A9F051}.Debug|Any CPU.Build.0 = Debug|Any CPU
		{E8579F46-C8E1-4AFB-8A49-8CE0D0A9F051}.Debug|Any CPU.Deploy.0 = Debug|Any CPU
		{E8579F46-C8E1-4AFB-8A49-8CE0D0A9F051}.Debug|iPhone.ActiveCfg = Debug|Any CPU
		{E8579F46-C8E1-4AFB-8A49-8CE0D0A9F051}.Debug|iPhone.Build.0 = Debug|Any CPU
		{E8579F46-C8E1-4AFB-8A49-8CE0D0A9F051}.Debug|iPhone.Deploy.0 = Debug|Any CPU
		{E8579F46-C8E1-4AFB-8A49-8CE0D0A9F051}.Debug|iPhoneSimulator.ActiveCfg = Debug|Any CPU
		{E8579F46-C8E1-4AFB-8A49-8CE0D0A9F051}.Debug|iPhoneSimulator.Build.0 = Debug|Any CPU
		{E8579F46-C8E1-4AFB-8A49-8CE0D0A9F051}.Debug|iPhoneSimulator.Deploy.0 = Debug|Any CPU
		{E8579F46-C8E1-4AFB-8A49-8CE0D0A9F051}.Release|Any CPU.ActiveCfg = Release|Any CPU
		{E8579F46-C8E1-4AFB-8A49-8CE0D0A9F051}.Release|Any CPU.Build.0 = Release|Any CPU
		{E8579F46-C8E1-4AFB-8A49-8CE0D0A9F051}.Release|Any CPU.Deploy.0 = Release|Any CPU
		{E8579F46-C8E1-4AFB-8A49-8CE0D0A9F051}.Release|iPhone.ActiveCfg = Release|Any CPU
		{E8579F46-C8E1-4AFB-8A49-8CE0D0A9F051}.Release|iPhone.Build.0 = Release|Any CPU
		{E8579F46-C8E1-4AFB-8A49-8CE0D0A9F051}.Release|iPhone.Deploy.0 = Release|Any CPU
		{E8579F46-C8E1-4AFB-8A49-8CE0D0A9F051}.Release|iPhoneSimulator.ActiveCfg = Release|Any CPU
		{E8579F46-C8E1-4AFB-8A49-8CE0D0A9F051}.Release|iPhoneSimulator.Build.0 = Release|Any CPU
		{E8579F46-C8E1-4AFB-8A49-8CE0D0A9F051}.Release|iPhoneSimulator.Deploy.0 = Release|Any CPU
		{F15AA306-3CEF-4FAB-830E-8236F9232A35}.Debug|Any CPU.ActiveCfg = Debug|iPhoneSimulator
		{F15AA306-3CEF-4FAB-830E-8236F9232A35}.Debug|Any CPU.Build.0 = Debug|iPhoneSimulator
		{F15AA306-3CEF-4FAB-830E-8236F9232A35}.Debug|iPhone.ActiveCfg = Debug|iPhone
		{F15AA306-3CEF-4FAB-830E-8236F9232A35}.Debug|iPhone.Build.0 = Debug|iPhone
		{F15AA306-3CEF-4FAB-830E-8236F9232A35}.Debug|iPhoneSimulator.ActiveCfg = Debug|iPhoneSimulator
		{F15AA306-3CEF-4FAB-830E-8236F9232A35}.Debug|iPhoneSimulator.Build.0 = Debug|iPhoneSimulator
		{F15AA306-3CEF-4FAB-830E-8236F9232A35}.Release|Any CPU.ActiveCfg = Release|iPhoneSimulator
		{F15AA306-3CEF-4FAB-830E-8236F9232A35}.Release|Any CPU.Build.0 = Release|iPhoneSimulator
		{F15AA306-3CEF-4FAB-830E-8236F9232A35}.Release|iPhone.ActiveCfg = Release|iPhone
		{F15AA306-3CEF-4FAB-830E-8236F9232A35}.Release|iPhone.Build.0 = Release|iPhone
		{F15AA306-3CEF-4FAB-830E-8236F9232A35}.Release|iPhoneSimulator.ActiveCfg = Release|iPhoneSimulator
		{F15AA306-3CEF-4FAB-830E-8236F9232A35}.Release|iPhoneSimulator.Build.0 = Release|iPhoneSimulator
		{980DEBFA-03B7-4C18-998C-1929CF001EFE}.Debug|Any CPU.ActiveCfg = Debug|Any CPU
		{980DEBFA-03B7-4C18-998C-1929CF001EFE}.Debug|Any CPU.Build.0 = Debug|Any CPU
		{980DEBFA-03B7-4C18-998C-1929CF001EFE}.Debug|iPhone.ActiveCfg = Debug|Any CPU
		{980DEBFA-03B7-4C18-998C-1929CF001EFE}.Debug|iPhone.Build.0 = Debug|Any CPU
		{980DEBFA-03B7-4C18-998C-1929CF001EFE}.Debug|iPhoneSimulator.ActiveCfg = Debug|Any CPU
		{980DEBFA-03B7-4C18-998C-1929CF001EFE}.Debug|iPhoneSimulator.Build.0 = Debug|Any CPU
		{980DEBFA-03B7-4C18-998C-1929CF001EFE}.Release|Any CPU.ActiveCfg = Release|Any CPU
		{980DEBFA-03B7-4C18-998C-1929CF001EFE}.Release|Any CPU.Build.0 = Release|Any CPU
		{980DEBFA-03B7-4C18-998C-1929CF001EFE}.Release|iPhone.ActiveCfg = Release|Any CPU
		{980DEBFA-03B7-4C18-998C-1929CF001EFE}.Release|iPhone.Build.0 = Release|Any CPU
		{980DEBFA-03B7-4C18-998C-1929CF001EFE}.Release|iPhoneSimulator.ActiveCfg = Release|Any CPU
		{980DEBFA-03B7-4C18-998C-1929CF001EFE}.Release|iPhoneSimulator.Build.0 = Release|Any CPU
		{2C5D5467-1880-4938-B584-ED39576B4A90}.Debug|Any CPU.ActiveCfg = Debug|Any CPU
		{2C5D5467-1880-4938-B584-ED39576B4A90}.Debug|Any CPU.Build.0 = Debug|Any CPU
		{2C5D5467-1880-4938-B584-ED39576B4A90}.Debug|Any CPU.Deploy.0 = Debug|Any CPU
		{2C5D5467-1880-4938-B584-ED39576B4A90}.Debug|iPhone.ActiveCfg = Debug|Any CPU
		{2C5D5467-1880-4938-B584-ED39576B4A90}.Debug|iPhone.Build.0 = Debug|Any CPU
		{2C5D5467-1880-4938-B584-ED39576B4A90}.Debug|iPhone.Deploy.0 = Debug|Any CPU
		{2C5D5467-1880-4938-B584-ED39576B4A90}.Debug|iPhoneSimulator.ActiveCfg = Debug|Any CPU
		{2C5D5467-1880-4938-B584-ED39576B4A90}.Debug|iPhoneSimulator.Build.0 = Debug|Any CPU
		{2C5D5467-1880-4938-B584-ED39576B4A90}.Debug|iPhoneSimulator.Deploy.0 = Debug|Any CPU
		{2C5D5467-1880-4938-B584-ED39576B4A90}.Release|Any CPU.ActiveCfg = Release|Any CPU
		{2C5D5467-1880-4938-B584-ED39576B4A90}.Release|Any CPU.Build.0 = Release|Any CPU
		{2C5D5467-1880-4938-B584-ED39576B4A90}.Release|Any CPU.Deploy.0 = Release|Any CPU
		{2C5D5467-1880-4938-B584-ED39576B4A90}.Release|iPhone.ActiveCfg = Release|Any CPU
		{2C5D5467-1880-4938-B584-ED39576B4A90}.Release|iPhone.Build.0 = Release|Any CPU
		{2C5D5467-1880-4938-B584-ED39576B4A90}.Release|iPhone.Deploy.0 = Release|Any CPU
		{2C5D5467-1880-4938-B584-ED39576B4A90}.Release|iPhoneSimulator.ActiveCfg = Release|Any CPU
		{2C5D5467-1880-4938-B584-ED39576B4A90}.Release|iPhoneSimulator.Build.0 = Release|Any CPU
		{2C5D5467-1880-4938-B584-ED39576B4A90}.Release|iPhoneSimulator.Deploy.0 = Release|Any CPU
		{03F1BDF0-5DAC-48B7-825F-5C6A502CAB64}.Debug|Any CPU.ActiveCfg = Debug|iPhoneSimulator
		{03F1BDF0-5DAC-48B7-825F-5C6A502CAB64}.Debug|Any CPU.Build.0 = Debug|iPhoneSimulator
		{03F1BDF0-5DAC-48B7-825F-5C6A502CAB64}.Debug|iPhone.ActiveCfg = Debug|iPhone
		{03F1BDF0-5DAC-48B7-825F-5C6A502CAB64}.Debug|iPhone.Build.0 = Debug|iPhone
		{03F1BDF0-5DAC-48B7-825F-5C6A502CAB64}.Debug|iPhoneSimulator.ActiveCfg = Debug|iPhoneSimulator
		{03F1BDF0-5DAC-48B7-825F-5C6A502CAB64}.Debug|iPhoneSimulator.Build.0 = Debug|iPhoneSimulator
		{03F1BDF0-5DAC-48B7-825F-5C6A502CAB64}.Release|Any CPU.ActiveCfg = Release|iPhoneSimulator
		{03F1BDF0-5DAC-48B7-825F-5C6A502CAB64}.Release|Any CPU.Build.0 = Release|iPhoneSimulator
		{03F1BDF0-5DAC-48B7-825F-5C6A502CAB64}.Release|iPhone.ActiveCfg = Release|iPhone
		{03F1BDF0-5DAC-48B7-825F-5C6A502CAB64}.Release|iPhone.Build.0 = Release|iPhone
		{03F1BDF0-5DAC-48B7-825F-5C6A502CAB64}.Release|iPhoneSimulator.ActiveCfg = Release|iPhoneSimulator
		{03F1BDF0-5DAC-48B7-825F-5C6A502CAB64}.Release|iPhoneSimulator.Build.0 = Release|iPhoneSimulator
		{BEF11873-6AF0-4F28-8670-8B3565F69696}.Debug|Any CPU.ActiveCfg = Debug|Any CPU
		{BEF11873-6AF0-4F28-8670-8B3565F69696}.Debug|Any CPU.Build.0 = Debug|Any CPU
		{BEF11873-6AF0-4F28-8670-8B3565F69696}.Debug|iPhone.ActiveCfg = Debug|Any CPU
		{BEF11873-6AF0-4F28-8670-8B3565F69696}.Debug|iPhone.Build.0 = Debug|Any CPU
		{BEF11873-6AF0-4F28-8670-8B3565F69696}.Debug|iPhoneSimulator.ActiveCfg = Debug|Any CPU
		{BEF11873-6AF0-4F28-8670-8B3565F69696}.Debug|iPhoneSimulator.Build.0 = Debug|Any CPU
		{BEF11873-6AF0-4F28-8670-8B3565F69696}.Release|Any CPU.ActiveCfg = Release|Any CPU
		{BEF11873-6AF0-4F28-8670-8B3565F69696}.Release|Any CPU.Build.0 = Release|Any CPU
		{BEF11873-6AF0-4F28-8670-8B3565F69696}.Release|iPhone.ActiveCfg = Release|Any CPU
		{BEF11873-6AF0-4F28-8670-8B3565F69696}.Release|iPhone.Build.0 = Release|Any CPU
		{BEF11873-6AF0-4F28-8670-8B3565F69696}.Release|iPhoneSimulator.ActiveCfg = Release|Any CPU
		{BEF11873-6AF0-4F28-8670-8B3565F69696}.Release|iPhoneSimulator.Build.0 = Release|Any CPU
		{5F0E94B3-CE8D-402D-AE46-F5F8B3504D43}.Debug|Any CPU.ActiveCfg = Debug|Any CPU
		{5F0E94B3-CE8D-402D-AE46-F5F8B3504D43}.Debug|Any CPU.Build.0 = Debug|Any CPU
		{5F0E94B3-CE8D-402D-AE46-F5F8B3504D43}.Debug|Any CPU.Deploy.0 = Debug|Any CPU
		{5F0E94B3-CE8D-402D-AE46-F5F8B3504D43}.Debug|iPhone.ActiveCfg = Debug|Any CPU
		{5F0E94B3-CE8D-402D-AE46-F5F8B3504D43}.Debug|iPhone.Build.0 = Debug|Any CPU
		{5F0E94B3-CE8D-402D-AE46-F5F8B3504D43}.Debug|iPhone.Deploy.0 = Debug|Any CPU
		{5F0E94B3-CE8D-402D-AE46-F5F8B3504D43}.Debug|iPhoneSimulator.ActiveCfg = Debug|Any CPU
		{5F0E94B3-CE8D-402D-AE46-F5F8B3504D43}.Debug|iPhoneSimulator.Build.0 = Debug|Any CPU
		{5F0E94B3-CE8D-402D-AE46-F5F8B3504D43}.Debug|iPhoneSimulator.Deploy.0 = Debug|Any CPU
		{5F0E94B3-CE8D-402D-AE46-F5F8B3504D43}.Release|Any CPU.ActiveCfg = Release|Any CPU
		{5F0E94B3-CE8D-402D-AE46-F5F8B3504D43}.Release|Any CPU.Build.0 = Release|Any CPU
		{5F0E94B3-CE8D-402D-AE46-F5F8B3504D43}.Release|Any CPU.Deploy.0 = Release|Any CPU
		{5F0E94B3-CE8D-402D-AE46-F5F8B3504D43}.Release|iPhone.ActiveCfg = Release|Any CPU
		{5F0E94B3-CE8D-402D-AE46-F5F8B3504D43}.Release|iPhone.Build.0 = Release|Any CPU
		{5F0E94B3-CE8D-402D-AE46-F5F8B3504D43}.Release|iPhone.Deploy.0 = Release|Any CPU
		{5F0E94B3-CE8D-402D-AE46-F5F8B3504D43}.Release|iPhoneSimulator.ActiveCfg = Release|Any CPU
		{5F0E94B3-CE8D-402D-AE46-F5F8B3504D43}.Release|iPhoneSimulator.Build.0 = Release|Any CPU
		{5F0E94B3-CE8D-402D-AE46-F5F8B3504D43}.Release|iPhoneSimulator.Deploy.0 = Release|Any CPU
		{9F7DB4B5-1738-4F20-86D3-E886ABE17E90}.Debug|Any CPU.ActiveCfg = Debug|iPhoneSimulator
		{9F7DB4B5-1738-4F20-86D3-E886ABE17E90}.Debug|Any CPU.Build.0 = Debug|iPhoneSimulator
		{9F7DB4B5-1738-4F20-86D3-E886ABE17E90}.Debug|iPhone.ActiveCfg = Debug|iPhone
		{9F7DB4B5-1738-4F20-86D3-E886ABE17E90}.Debug|iPhone.Build.0 = Debug|iPhone
		{9F7DB4B5-1738-4F20-86D3-E886ABE17E90}.Debug|iPhoneSimulator.ActiveCfg = Debug|iPhoneSimulator
		{9F7DB4B5-1738-4F20-86D3-E886ABE17E90}.Debug|iPhoneSimulator.Build.0 = Debug|iPhoneSimulator
		{9F7DB4B5-1738-4F20-86D3-E886ABE17E90}.Release|Any CPU.ActiveCfg = Release|iPhoneSimulator
		{9F7DB4B5-1738-4F20-86D3-E886ABE17E90}.Release|Any CPU.Build.0 = Release|iPhoneSimulator
		{9F7DB4B5-1738-4F20-86D3-E886ABE17E90}.Release|iPhone.ActiveCfg = Release|iPhone
		{9F7DB4B5-1738-4F20-86D3-E886ABE17E90}.Release|iPhone.Build.0 = Release|iPhone
		{9F7DB4B5-1738-4F20-86D3-E886ABE17E90}.Release|iPhoneSimulator.ActiveCfg = Release|iPhoneSimulator
		{9F7DB4B5-1738-4F20-86D3-E886ABE17E90}.Release|iPhoneSimulator.Build.0 = Release|iPhoneSimulator
		{03FD9039-A006-4D58-918C-F8676C3CCEE6}.Debug|Any CPU.ActiveCfg = Debug|Any CPU
		{03FD9039-A006-4D58-918C-F8676C3CCEE6}.Debug|Any CPU.Build.0 = Debug|Any CPU
		{03FD9039-A006-4D58-918C-F8676C3CCEE6}.Debug|iPhone.ActiveCfg = Debug|Any CPU
		{03FD9039-A006-4D58-918C-F8676C3CCEE6}.Debug|iPhone.Build.0 = Debug|Any CPU
		{03FD9039-A006-4D58-918C-F8676C3CCEE6}.Debug|iPhoneSimulator.ActiveCfg = Debug|Any CPU
		{03FD9039-A006-4D58-918C-F8676C3CCEE6}.Debug|iPhoneSimulator.Build.0 = Debug|Any CPU
		{03FD9039-A006-4D58-918C-F8676C3CCEE6}.Release|Any CPU.ActiveCfg = Release|Any CPU
		{03FD9039-A006-4D58-918C-F8676C3CCEE6}.Release|Any CPU.Build.0 = Release|Any CPU
		{03FD9039-A006-4D58-918C-F8676C3CCEE6}.Release|iPhone.ActiveCfg = Release|Any CPU
		{03FD9039-A006-4D58-918C-F8676C3CCEE6}.Release|iPhone.Build.0 = Release|Any CPU
		{03FD9039-A006-4D58-918C-F8676C3CCEE6}.Release|iPhoneSimulator.ActiveCfg = Release|Any CPU
		{03FD9039-A006-4D58-918C-F8676C3CCEE6}.Release|iPhoneSimulator.Build.0 = Release|Any CPU
		{F2FF3269-17E2-4CEA-B1D5-65330E06A66C}.Debug|Any CPU.ActiveCfg = Debug|Any CPU
		{F2FF3269-17E2-4CEA-B1D5-65330E06A66C}.Debug|Any CPU.Build.0 = Debug|Any CPU
		{F2FF3269-17E2-4CEA-B1D5-65330E06A66C}.Debug|Any CPU.Deploy.0 = Debug|Any CPU
		{F2FF3269-17E2-4CEA-B1D5-65330E06A66C}.Debug|iPhone.ActiveCfg = Debug|Any CPU
		{F2FF3269-17E2-4CEA-B1D5-65330E06A66C}.Debug|iPhone.Build.0 = Debug|Any CPU
		{F2FF3269-17E2-4CEA-B1D5-65330E06A66C}.Debug|iPhone.Deploy.0 = Debug|Any CPU
		{F2FF3269-17E2-4CEA-B1D5-65330E06A66C}.Debug|iPhoneSimulator.ActiveCfg = Debug|Any CPU
		{F2FF3269-17E2-4CEA-B1D5-65330E06A66C}.Debug|iPhoneSimulator.Build.0 = Debug|Any CPU
		{F2FF3269-17E2-4CEA-B1D5-65330E06A66C}.Debug|iPhoneSimulator.Deploy.0 = Debug|Any CPU
		{F2FF3269-17E2-4CEA-B1D5-65330E06A66C}.Release|Any CPU.ActiveCfg = Release|Any CPU
		{F2FF3269-17E2-4CEA-B1D5-65330E06A66C}.Release|Any CPU.Build.0 = Release|Any CPU
		{F2FF3269-17E2-4CEA-B1D5-65330E06A66C}.Release|Any CPU.Deploy.0 = Release|Any CPU
		{F2FF3269-17E2-4CEA-B1D5-65330E06A66C}.Release|iPhone.ActiveCfg = Release|Any CPU
		{F2FF3269-17E2-4CEA-B1D5-65330E06A66C}.Release|iPhone.Build.0 = Release|Any CPU
		{F2FF3269-17E2-4CEA-B1D5-65330E06A66C}.Release|iPhone.Deploy.0 = Release|Any CPU
		{F2FF3269-17E2-4CEA-B1D5-65330E06A66C}.Release|iPhoneSimulator.ActiveCfg = Release|Any CPU
		{F2FF3269-17E2-4CEA-B1D5-65330E06A66C}.Release|iPhoneSimulator.Build.0 = Release|Any CPU
		{F2FF3269-17E2-4CEA-B1D5-65330E06A66C}.Release|iPhoneSimulator.Deploy.0 = Release|Any CPU
		{42085BE2-C62A-4F86-81BA-991A428D2D58}.Debug|Any CPU.ActiveCfg = Debug|iPhoneSimulator
		{42085BE2-C62A-4F86-81BA-991A428D2D58}.Debug|Any CPU.Build.0 = Debug|iPhoneSimulator
		{42085BE2-C62A-4F86-81BA-991A428D2D58}.Debug|iPhone.ActiveCfg = Debug|iPhone
		{42085BE2-C62A-4F86-81BA-991A428D2D58}.Debug|iPhone.Build.0 = Debug|iPhone
		{42085BE2-C62A-4F86-81BA-991A428D2D58}.Debug|iPhoneSimulator.ActiveCfg = Debug|iPhoneSimulator
		{42085BE2-C62A-4F86-81BA-991A428D2D58}.Debug|iPhoneSimulator.Build.0 = Debug|iPhoneSimulator
		{42085BE2-C62A-4F86-81BA-991A428D2D58}.Release|Any CPU.ActiveCfg = Release|iPhoneSimulator
		{42085BE2-C62A-4F86-81BA-991A428D2D58}.Release|Any CPU.Build.0 = Release|iPhoneSimulator
		{42085BE2-C62A-4F86-81BA-991A428D2D58}.Release|iPhone.ActiveCfg = Release|iPhone
		{42085BE2-C62A-4F86-81BA-991A428D2D58}.Release|iPhone.Build.0 = Release|iPhone
		{42085BE2-C62A-4F86-81BA-991A428D2D58}.Release|iPhoneSimulator.ActiveCfg = Release|iPhoneSimulator
		{42085BE2-C62A-4F86-81BA-991A428D2D58}.Release|iPhoneSimulator.Build.0 = Release|iPhoneSimulator
		{F2FFAD7D-3D04-40DD-897D-E2464583154C}.Debug|Any CPU.ActiveCfg = Debug|Any CPU
		{F2FFAD7D-3D04-40DD-897D-E2464583154C}.Debug|Any CPU.Build.0 = Debug|Any CPU
		{F2FFAD7D-3D04-40DD-897D-E2464583154C}.Debug|iPhone.ActiveCfg = Debug|Any CPU
		{F2FFAD7D-3D04-40DD-897D-E2464583154C}.Debug|iPhone.Build.0 = Debug|Any CPU
		{F2FFAD7D-3D04-40DD-897D-E2464583154C}.Debug|iPhoneSimulator.ActiveCfg = Debug|Any CPU
		{F2FFAD7D-3D04-40DD-897D-E2464583154C}.Debug|iPhoneSimulator.Build.0 = Debug|Any CPU
		{F2FFAD7D-3D04-40DD-897D-E2464583154C}.Release|Any CPU.ActiveCfg = Release|Any CPU
		{F2FFAD7D-3D04-40DD-897D-E2464583154C}.Release|Any CPU.Build.0 = Release|Any CPU
		{F2FFAD7D-3D04-40DD-897D-E2464583154C}.Release|iPhone.ActiveCfg = Release|Any CPU
		{F2FFAD7D-3D04-40DD-897D-E2464583154C}.Release|iPhone.Build.0 = Release|Any CPU
		{F2FFAD7D-3D04-40DD-897D-E2464583154C}.Release|iPhoneSimulator.ActiveCfg = Release|Any CPU
		{F2FFAD7D-3D04-40DD-897D-E2464583154C}.Release|iPhoneSimulator.Build.0 = Release|Any CPU
		{3A67872C-3EF9-4C83-A855-5DF19B204144}.Debug|Any CPU.ActiveCfg = Debug|Any CPU
		{3A67872C-3EF9-4C83-A855-5DF19B204144}.Debug|Any CPU.Build.0 = Debug|Any CPU
		{3A67872C-3EF9-4C83-A855-5DF19B204144}.Debug|Any CPU.Deploy.0 = Debug|Any CPU
		{3A67872C-3EF9-4C83-A855-5DF19B204144}.Debug|iPhone.ActiveCfg = Debug|Any CPU
		{3A67872C-3EF9-4C83-A855-5DF19B204144}.Debug|iPhone.Build.0 = Debug|Any CPU
		{3A67872C-3EF9-4C83-A855-5DF19B204144}.Debug|iPhone.Deploy.0 = Debug|Any CPU
		{3A67872C-3EF9-4C83-A855-5DF19B204144}.Debug|iPhoneSimulator.ActiveCfg = Debug|Any CPU
		{3A67872C-3EF9-4C83-A855-5DF19B204144}.Debug|iPhoneSimulator.Build.0 = Debug|Any CPU
		{3A67872C-3EF9-4C83-A855-5DF19B204144}.Debug|iPhoneSimulator.Deploy.0 = Debug|Any CPU
		{3A67872C-3EF9-4C83-A855-5DF19B204144}.Release|Any CPU.ActiveCfg = Release|Any CPU
		{3A67872C-3EF9-4C83-A855-5DF19B204144}.Release|Any CPU.Build.0 = Release|Any CPU
		{3A67872C-3EF9-4C83-A855-5DF19B204144}.Release|Any CPU.Deploy.0 = Release|Any CPU
		{3A67872C-3EF9-4C83-A855-5DF19B204144}.Release|iPhone.ActiveCfg = Release|Any CPU
		{3A67872C-3EF9-4C83-A855-5DF19B204144}.Release|iPhone.Build.0 = Release|Any CPU
		{3A67872C-3EF9-4C83-A855-5DF19B204144}.Release|iPhone.Deploy.0 = Release|Any CPU
		{3A67872C-3EF9-4C83-A855-5DF19B204144}.Release|iPhoneSimulator.ActiveCfg = Release|Any CPU
		{3A67872C-3EF9-4C83-A855-5DF19B204144}.Release|iPhoneSimulator.Build.0 = Release|Any CPU
		{3A67872C-3EF9-4C83-A855-5DF19B204144}.Release|iPhoneSimulator.Deploy.0 = Release|Any CPU
		{BC37B689-DF4A-4709-A778-94A9E82CD928}.Debug|Any CPU.ActiveCfg = Debug|iPhoneSimulator
		{BC37B689-DF4A-4709-A778-94A9E82CD928}.Debug|Any CPU.Build.0 = Debug|iPhoneSimulator
		{BC37B689-DF4A-4709-A778-94A9E82CD928}.Debug|iPhone.ActiveCfg = Debug|iPhone
		{BC37B689-DF4A-4709-A778-94A9E82CD928}.Debug|iPhone.Build.0 = Debug|iPhone
		{BC37B689-DF4A-4709-A778-94A9E82CD928}.Debug|iPhoneSimulator.ActiveCfg = Debug|iPhoneSimulator
		{BC37B689-DF4A-4709-A778-94A9E82CD928}.Debug|iPhoneSimulator.Build.0 = Debug|iPhoneSimulator
		{BC37B689-DF4A-4709-A778-94A9E82CD928}.Release|Any CPU.ActiveCfg = Release|iPhoneSimulator
		{BC37B689-DF4A-4709-A778-94A9E82CD928}.Release|Any CPU.Build.0 = Release|iPhoneSimulator
		{BC37B689-DF4A-4709-A778-94A9E82CD928}.Release|iPhone.ActiveCfg = Release|iPhone
		{BC37B689-DF4A-4709-A778-94A9E82CD928}.Release|iPhone.Build.0 = Release|iPhone
		{BC37B689-DF4A-4709-A778-94A9E82CD928}.Release|iPhoneSimulator.ActiveCfg = Release|iPhoneSimulator
		{BC37B689-DF4A-4709-A778-94A9E82CD928}.Release|iPhoneSimulator.Build.0 = Release|iPhoneSimulator
		{E7891D82-43E4-477F-8C34-806F5F82526A}.Debug|Any CPU.ActiveCfg = Debug|Any CPU
		{E7891D82-43E4-477F-8C34-806F5F82526A}.Debug|Any CPU.Build.0 = Debug|Any CPU
		{E7891D82-43E4-477F-8C34-806F5F82526A}.Debug|iPhone.ActiveCfg = Debug|Any CPU
		{E7891D82-43E4-477F-8C34-806F5F82526A}.Debug|iPhone.Build.0 = Debug|Any CPU
		{E7891D82-43E4-477F-8C34-806F5F82526A}.Debug|iPhoneSimulator.ActiveCfg = Debug|Any CPU
		{E7891D82-43E4-477F-8C34-806F5F82526A}.Debug|iPhoneSimulator.Build.0 = Debug|Any CPU
		{E7891D82-43E4-477F-8C34-806F5F82526A}.Release|Any CPU.ActiveCfg = Release|Any CPU
		{E7891D82-43E4-477F-8C34-806F5F82526A}.Release|Any CPU.Build.0 = Release|Any CPU
		{E7891D82-43E4-477F-8C34-806F5F82526A}.Release|iPhone.ActiveCfg = Release|Any CPU
		{E7891D82-43E4-477F-8C34-806F5F82526A}.Release|iPhone.Build.0 = Release|Any CPU
		{E7891D82-43E4-477F-8C34-806F5F82526A}.Release|iPhoneSimulator.ActiveCfg = Release|Any CPU
		{E7891D82-43E4-477F-8C34-806F5F82526A}.Release|iPhoneSimulator.Build.0 = Release|Any CPU
		{2B0F8B4A-D39C-4249-819E-7290BDE83820}.Debug|Any CPU.ActiveCfg = Debug|Any CPU
		{2B0F8B4A-D39C-4249-819E-7290BDE83820}.Debug|Any CPU.Build.0 = Debug|Any CPU
		{2B0F8B4A-D39C-4249-819E-7290BDE83820}.Debug|iPhone.ActiveCfg = Debug|Any CPU
		{2B0F8B4A-D39C-4249-819E-7290BDE83820}.Debug|iPhone.Build.0 = Debug|Any CPU
		{2B0F8B4A-D39C-4249-819E-7290BDE83820}.Debug|iPhoneSimulator.ActiveCfg = Debug|Any CPU
		{2B0F8B4A-D39C-4249-819E-7290BDE83820}.Debug|iPhoneSimulator.Build.0 = Debug|Any CPU
		{2B0F8B4A-D39C-4249-819E-7290BDE83820}.Release|Any CPU.ActiveCfg = Release|Any CPU
		{2B0F8B4A-D39C-4249-819E-7290BDE83820}.Release|Any CPU.Build.0 = Release|Any CPU
		{2B0F8B4A-D39C-4249-819E-7290BDE83820}.Release|iPhone.ActiveCfg = Release|Any CPU
		{2B0F8B4A-D39C-4249-819E-7290BDE83820}.Release|iPhone.Build.0 = Release|Any CPU
		{2B0F8B4A-D39C-4249-819E-7290BDE83820}.Release|iPhoneSimulator.ActiveCfg = Release|Any CPU
		{2B0F8B4A-D39C-4249-819E-7290BDE83820}.Release|iPhoneSimulator.Build.0 = Release|Any CPU
		{DA0A5039-A0ED-4066-B649-620A510307A5}.Debug|Any CPU.ActiveCfg = Debug|Any CPU
		{DA0A5039-A0ED-4066-B649-620A510307A5}.Debug|Any CPU.Build.0 = Debug|Any CPU
		{DA0A5039-A0ED-4066-B649-620A510307A5}.Debug|Any CPU.Deploy.0 = Debug|Any CPU
		{DA0A5039-A0ED-4066-B649-620A510307A5}.Debug|iPhone.ActiveCfg = Debug|Any CPU
		{DA0A5039-A0ED-4066-B649-620A510307A5}.Debug|iPhone.Build.0 = Debug|Any CPU
		{DA0A5039-A0ED-4066-B649-620A510307A5}.Debug|iPhone.Deploy.0 = Debug|Any CPU
		{DA0A5039-A0ED-4066-B649-620A510307A5}.Debug|iPhoneSimulator.ActiveCfg = Debug|Any CPU
		{DA0A5039-A0ED-4066-B649-620A510307A5}.Debug|iPhoneSimulator.Build.0 = Debug|Any CPU
		{DA0A5039-A0ED-4066-B649-620A510307A5}.Debug|iPhoneSimulator.Deploy.0 = Debug|Any CPU
		{DA0A5039-A0ED-4066-B649-620A510307A5}.Release|Any CPU.ActiveCfg = Release|Any CPU
		{DA0A5039-A0ED-4066-B649-620A510307A5}.Release|Any CPU.Build.0 = Release|Any CPU
		{DA0A5039-A0ED-4066-B649-620A510307A5}.Release|Any CPU.Deploy.0 = Release|Any CPU
		{DA0A5039-A0ED-4066-B649-620A510307A5}.Release|iPhone.ActiveCfg = Release|Any CPU
		{DA0A5039-A0ED-4066-B649-620A510307A5}.Release|iPhone.Build.0 = Release|Any CPU
		{DA0A5039-A0ED-4066-B649-620A510307A5}.Release|iPhone.Deploy.0 = Release|Any CPU
		{DA0A5039-A0ED-4066-B649-620A510307A5}.Release|iPhoneSimulator.ActiveCfg = Release|Any CPU
		{DA0A5039-A0ED-4066-B649-620A510307A5}.Release|iPhoneSimulator.Build.0 = Release|Any CPU
		{DA0A5039-A0ED-4066-B649-620A510307A5}.Release|iPhoneSimulator.Deploy.0 = Release|Any CPU
		{3C492CC0-60F4-4D98-A948-A22B8E95FD3C}.Debug|Any CPU.ActiveCfg = Debug|iPhoneSimulator
		{3C492CC0-60F4-4D98-A948-A22B8E95FD3C}.Debug|Any CPU.Build.0 = Debug|iPhoneSimulator
		{3C492CC0-60F4-4D98-A948-A22B8E95FD3C}.Debug|iPhone.ActiveCfg = Debug|iPhone
		{3C492CC0-60F4-4D98-A948-A22B8E95FD3C}.Debug|iPhone.Build.0 = Debug|iPhone
		{3C492CC0-60F4-4D98-A948-A22B8E95FD3C}.Debug|iPhoneSimulator.ActiveCfg = Debug|iPhoneSimulator
		{3C492CC0-60F4-4D98-A948-A22B8E95FD3C}.Debug|iPhoneSimulator.Build.0 = Debug|iPhoneSimulator
		{3C492CC0-60F4-4D98-A948-A22B8E95FD3C}.Release|Any CPU.ActiveCfg = Release|iPhoneSimulator
		{3C492CC0-60F4-4D98-A948-A22B8E95FD3C}.Release|Any CPU.Build.0 = Release|iPhoneSimulator
		{3C492CC0-60F4-4D98-A948-A22B8E95FD3C}.Release|iPhone.ActiveCfg = Release|iPhone
		{3C492CC0-60F4-4D98-A948-A22B8E95FD3C}.Release|iPhone.Build.0 = Release|iPhone
		{3C492CC0-60F4-4D98-A948-A22B8E95FD3C}.Release|iPhoneSimulator.ActiveCfg = Release|iPhoneSimulator
		{3C492CC0-60F4-4D98-A948-A22B8E95FD3C}.Release|iPhoneSimulator.Build.0 = Release|iPhoneSimulator
		{AE5C6ED4-D7F2-498B-802E-191E91BF22AC}.Debug|Any CPU.ActiveCfg = Debug|Any CPU
		{AE5C6ED4-D7F2-498B-802E-191E91BF22AC}.Debug|Any CPU.Build.0 = Debug|Any CPU
		{AE5C6ED4-D7F2-498B-802E-191E91BF22AC}.Debug|Any CPU.Deploy.0 = Debug|Any CPU
		{AE5C6ED4-D7F2-498B-802E-191E91BF22AC}.Debug|iPhone.ActiveCfg = Debug|Any CPU
		{AE5C6ED4-D7F2-498B-802E-191E91BF22AC}.Debug|iPhone.Build.0 = Debug|Any CPU
		{AE5C6ED4-D7F2-498B-802E-191E91BF22AC}.Debug|iPhone.Deploy.0 = Debug|Any CPU
		{AE5C6ED4-D7F2-498B-802E-191E91BF22AC}.Debug|iPhoneSimulator.ActiveCfg = Debug|Any CPU
		{AE5C6ED4-D7F2-498B-802E-191E91BF22AC}.Debug|iPhoneSimulator.Build.0 = Debug|Any CPU
		{AE5C6ED4-D7F2-498B-802E-191E91BF22AC}.Debug|iPhoneSimulator.Deploy.0 = Debug|Any CPU
		{AE5C6ED4-D7F2-498B-802E-191E91BF22AC}.Release|Any CPU.ActiveCfg = Release|Any CPU
		{AE5C6ED4-D7F2-498B-802E-191E91BF22AC}.Release|Any CPU.Build.0 = Release|Any CPU
		{AE5C6ED4-D7F2-498B-802E-191E91BF22AC}.Release|Any CPU.Deploy.0 = Release|Any CPU
		{AE5C6ED4-D7F2-498B-802E-191E91BF22AC}.Release|iPhone.ActiveCfg = Release|Any CPU
		{AE5C6ED4-D7F2-498B-802E-191E91BF22AC}.Release|iPhone.Build.0 = Release|Any CPU
		{AE5C6ED4-D7F2-498B-802E-191E91BF22AC}.Release|iPhone.Deploy.0 = Release|Any CPU
		{AE5C6ED4-D7F2-498B-802E-191E91BF22AC}.Release|iPhoneSimulator.ActiveCfg = Release|Any CPU
		{AE5C6ED4-D7F2-498B-802E-191E91BF22AC}.Release|iPhoneSimulator.Build.0 = Release|Any CPU
		{AE5C6ED4-D7F2-498B-802E-191E91BF22AC}.Release|iPhoneSimulator.Deploy.0 = Release|Any CPU
		{C687DC47-252B-462F-8F78-4ABCC5E7049B}.Debug|Any CPU.ActiveCfg = Debug|iPhoneSimulator
		{C687DC47-252B-462F-8F78-4ABCC5E7049B}.Debug|Any CPU.Build.0 = Debug|iPhoneSimulator
		{C687DC47-252B-462F-8F78-4ABCC5E7049B}.Debug|iPhone.ActiveCfg = Debug|iPhone
		{C687DC47-252B-462F-8F78-4ABCC5E7049B}.Debug|iPhone.Build.0 = Debug|iPhone
		{C687DC47-252B-462F-8F78-4ABCC5E7049B}.Debug|iPhoneSimulator.ActiveCfg = Debug|iPhoneSimulator
		{C687DC47-252B-462F-8F78-4ABCC5E7049B}.Debug|iPhoneSimulator.Build.0 = Debug|iPhoneSimulator
		{C687DC47-252B-462F-8F78-4ABCC5E7049B}.Release|Any CPU.ActiveCfg = Release|iPhoneSimulator
		{C687DC47-252B-462F-8F78-4ABCC5E7049B}.Release|Any CPU.Build.0 = Release|iPhoneSimulator
		{C687DC47-252B-462F-8F78-4ABCC5E7049B}.Release|iPhone.ActiveCfg = Release|iPhone
		{C687DC47-252B-462F-8F78-4ABCC5E7049B}.Release|iPhone.Build.0 = Release|iPhone
		{C687DC47-252B-462F-8F78-4ABCC5E7049B}.Release|iPhoneSimulator.ActiveCfg = Release|iPhoneSimulator
		{C687DC47-252B-462F-8F78-4ABCC5E7049B}.Release|iPhoneSimulator.Build.0 = Release|iPhoneSimulator
		{214E8216-9D19-4021-89E0-6101CA8C23C8}.Debug|Any CPU.ActiveCfg = Debug|Any CPU
		{214E8216-9D19-4021-89E0-6101CA8C23C8}.Debug|Any CPU.Build.0 = Debug|Any CPU
		{214E8216-9D19-4021-89E0-6101CA8C23C8}.Debug|iPhone.ActiveCfg = Debug|Any CPU
		{214E8216-9D19-4021-89E0-6101CA8C23C8}.Debug|iPhone.Build.0 = Debug|Any CPU
		{214E8216-9D19-4021-89E0-6101CA8C23C8}.Debug|iPhoneSimulator.ActiveCfg = Debug|Any CPU
		{214E8216-9D19-4021-89E0-6101CA8C23C8}.Debug|iPhoneSimulator.Build.0 = Debug|Any CPU
		{214E8216-9D19-4021-89E0-6101CA8C23C8}.Release|Any CPU.ActiveCfg = Release|Any CPU
		{214E8216-9D19-4021-89E0-6101CA8C23C8}.Release|Any CPU.Build.0 = Release|Any CPU
		{214E8216-9D19-4021-89E0-6101CA8C23C8}.Release|iPhone.ActiveCfg = Release|Any CPU
		{214E8216-9D19-4021-89E0-6101CA8C23C8}.Release|iPhone.Build.0 = Release|Any CPU
		{214E8216-9D19-4021-89E0-6101CA8C23C8}.Release|iPhoneSimulator.ActiveCfg = Release|Any CPU
		{214E8216-9D19-4021-89E0-6101CA8C23C8}.Release|iPhoneSimulator.Build.0 = Release|Any CPU
	EndGlobalSection
	GlobalSection(SolutionProperties) = preSolution
		HideSolutionNode = FALSE
	EndGlobalSection
	GlobalSection(ExtensibilityGlobals) = postSolution
		SolutionGuid = {8577D8E8-1F04-4DF6-AEA3-3C2057D6B0C8}
	EndGlobalSection
EndGlobal
