
Microsoft Visual Studio Solution File, Format Version 12.00
# Visual Studio Version 16
VisualStudioVersion = 16.0.32228.343
MinimumVisualStudioVersion = 10.0.40219.1
Project("{FAE04EC0-301F-11D3-BF4B-00C04F79EFBC}") = "Metotlar", "Metotlar\Metotlar.csproj", "{1EE94D9A-4D8F-439B-94C1-08FE64A09653}"
EndProject
Project("{FAE04EC0-301F-11D3-BF4B-00C04F79EFBC}") = "Math", "Math\Math.csproj", "{999C1E13-78CE-4F71-8700-97643C01BF21}"
EndProject
Project("{FAE04EC0-301F-11D3-BF4B-00C04F79EFBC}") = "DegerVeReferansTipler", "DegerVeReferansTipler\DegerVeReferansTipler.csproj", "{5F48E1CA-BFBE-4CD9-B425-16EB9F17B9BE}"
EndProject
Global
	GlobalSection(SolutionConfigurationPlatforms) = preSolution
		Debug|Any CPU = Debug|Any CPU
		Release|Any CPU = Release|Any CPU
	EndGlobalSection
	GlobalSection(ProjectConfigurationPlatforms) = postSolution
		{1EE94D9A-4D8F-439B-94C1-08FE64A09653}.Debug|Any CPU.ActiveCfg = Debug|Any CPU
		{1EE94D9A-4D8F-439B-94C1-08FE64A09653}.Debug|Any CPU.Build.0 = Debug|Any CPU
		{1EE94D9A-4D8F-439B-94C1-08FE64A09653}.Release|Any CPU.ActiveCfg = Release|Any CPU
		{1EE94D9A-4D8F-439B-94C1-08FE64A09653}.Release|Any CPU.Build.0 = Release|Any CPU
		{999C1E13-78CE-4F71-8700-97643C01BF21}.Debug|Any CPU.ActiveCfg = Debug|Any CPU
		{999C1E13-78CE-4F71-8700-97643C01BF21}.Debug|Any CPU.Build.0 = Debug|Any CPU
		{999C1E13-78CE-4F71-8700-97643C01BF21}.Release|Any CPU.ActiveCfg = Release|Any CPU
		{999C1E13-78CE-4F71-8700-97643C01BF21}.Release|Any CPU.Build.0 = Release|Any CPU
		{5F48E1CA-BFBE-4CD9-B425-16EB9F17B9BE}.Debug|Any CPU.ActiveCfg = Debug|Any CPU
		{5F48E1CA-BFBE-4CD9-B425-16EB9F17B9BE}.Debug|Any CPU.Build.0 = Debug|Any CPU
		{5F48E1CA-BFBE-4CD9-B425-16EB9F17B9BE}.Release|Any CPU.ActiveCfg = Release|Any CPU
		{5F48E1CA-BFBE-4CD9-B425-16EB9F17B9BE}.Release|Any CPU.Build.0 = Release|Any CPU
	EndGlobalSection
	GlobalSection(SolutionProperties) = preSolution
		HideSolutionNode = FALSE
	EndGlobalSection
	GlobalSection(ExtensibilityGlobals) = postSolution
		SolutionGuid = {DD62FC1F-4DD2-47C7-8D41-341AE42ACB6E}
	EndGlobalSection
EndGlobal
