
Microsoft Visual Studio Solution File, Format Version 12.00
# Visual Studio Version 16
VisualStudioVersion = 16.0.32228.343
MinimumVisualStudioVersion = 10.0.40219.1
Project("{FAE04EC0-301F-11D3-BF4B-00C04F79EFBC}") = "Oop2", "Oop2\Oop2.csproj", "{EE6A7B00-8E7C-4618-8AA0-5EB7F956DFA9}"
EndProject
Project("{FAE04EC0-301F-11D3-BF4B-00C04F79EFBC}") = "OOP3", "OOP3\OOP3.csproj", "{8E28F3FB-364B-4186-A0A3-D3E2B22F26BB}"
EndProject
Global
	GlobalSection(SolutionConfigurationPlatforms) = preSolution
		Debug|Any CPU = Debug|Any CPU
		Release|Any CPU = Release|Any CPU
	EndGlobalSection
	GlobalSection(ProjectConfigurationPlatforms) = postSolution
		{EE6A7B00-8E7C-4618-8AA0-5EB7F956DFA9}.Debug|Any CPU.ActiveCfg = Debug|Any CPU
		{EE6A7B00-8E7C-4618-8AA0-5EB7F956DFA9}.Debug|Any CPU.Build.0 = Debug|Any CPU
		{EE6A7B00-8E7C-4618-8AA0-5EB7F956DFA9}.Release|Any CPU.ActiveCfg = Release|Any CPU
		{EE6A7B00-8E7C-4618-8AA0-5EB7F956DFA9}.Release|Any CPU.Build.0 = Release|Any CPU
		{8E28F3FB-364B-4186-A0A3-D3E2B22F26BB}.Debug|Any CPU.ActiveCfg = Debug|Any CPU
		{8E28F3FB-364B-4186-A0A3-D3E2B22F26BB}.Debug|Any CPU.Build.0 = Debug|Any CPU
		{8E28F3FB-364B-4186-A0A3-D3E2B22F26BB}.Release|Any CPU.ActiveCfg = Release|Any CPU
		{8E28F3FB-364B-4186-A0A3-D3E2B22F26BB}.Release|Any CPU.Build.0 = Release|Any CPU
	EndGlobalSection
	GlobalSection(SolutionProperties) = preSolution
		HideSolutionNode = FALSE
	EndGlobalSection
	GlobalSection(ExtensibilityGlobals) = postSolution
		SolutionGuid = {3E04830D-8FED-423C-81D4-78E9FD6917C8}
	EndGlobalSection
EndGlobal
